
Microsoft Visual Studio Solution File, Format Version 12.00
# Visual Studio Version 17
VisualStudioVersion = 17.2.32602.215
MinimumVisualStudioVersion = 10.0.40219.1
Project("{FAE04EC0-301F-11D3-BF4B-00C04F79EFBC}") = "SortingVisulalisation", "SortingVisulalisation\SortingVisulalisation.csproj", "{0051E587-E931-4F7F-A5C9-4C6F58ACFA58}"
EndProject
Global
	GlobalSection(SolutionConfigurationPlatforms) = preSolution
		Debug|Any CPU = Debug|Any CPU
		Release|Any CPU = Release|Any CPU
	EndGlobalSection
	GlobalSection(ProjectConfigurationPlatforms) = postSolution
		{0051E587-E931-4F7F-A5C9-4C6F58ACFA58}.Debug|Any CPU.ActiveCfg = Debug|Any CPU
		{0051E587-E931-4F7F-A5C9-4C6F58ACFA58}.Debug|Any CPU.Build.0 = Debug|Any CPU
		{0051E587-E931-4F7F-A5C9-4C6F58ACFA58}.Release|Any CPU.ActiveCfg = Release|Any CPU
		{0051E587-E931-4F7F-A5C9-4C6F58ACFA58}.Release|Any CPU.Build.0 = Release|Any CPU
	EndGlobalSection
	GlobalSection(SolutionProperties) = preSolution
		HideSolutionNode = FALSE
	EndGlobalSection
	GlobalSection(ExtensibilityGlobals) = postSolution
		SolutionGuid = {AE9658EF-BCD7-4A48-98F1-9037815C49BB}
	EndGlobalSection
EndGlobal
